
Microsoft Visual Studio Solution File, Format Version 12.00
# Visual Studio Version 16
VisualStudioVersion = 16.0.31424.327
MinimumVisualStudioVersion = 10.0.40219.1
Project("{FAE04EC0-301F-11D3-BF4B-00C04F79EFBC}") = "BancoFuncional", "WindowsFormsApp3\BancoFuncional.csproj", "{776418A4-82F2-4C1C-8A1E-2D97FB3FD653}"
EndProject
Global
	GlobalSection(SolutionConfigurationPlatforms) = preSolution
		Debug|Any CPU = Debug|Any CPU
		Release|Any CPU = Release|Any CPU
	EndGlobalSection
	GlobalSection(ProjectConfigurationPlatforms) = postSolution
		{776418A4-82F2-4C1C-8A1E-2D97FB3FD653}.Debug|Any CPU.ActiveCfg = Debug|Any CPU
		{776418A4-82F2-4C1C-8A1E-2D97FB3FD653}.Debug|Any CPU.Build.0 = Debug|Any CPU
		{776418A4-82F2-4C1C-8A1E-2D97FB3FD653}.Release|Any CPU.ActiveCfg = Release|Any CPU
		{776418A4-82F2-4C1C-8A1E-2D97FB3FD653}.Release|Any CPU.Build.0 = Release|Any CPU
	EndGlobalSection
	GlobalSection(SolutionProperties) = preSolution
		HideSolutionNode = FALSE
	EndGlobalSection
	GlobalSection(ExtensibilityGlobals) = postSolution
		SolutionGuid = {335AC647-9B6D-4D9E-B93F-0D136195A9D2}
	EndGlobalSection
EndGlobal
